
Microsoft Visual Studio Solution File, Format Version 12.00
# Visual Studio 15
VisualStudioVersion = 15.0.26228.4
MinimumVisualStudioVersion = 10.0.40219.1
Project("{2150E333-8FDC-42A3-9474-1A3956D46DE8}") = "Entidades", "Entidades", "{D9553275-22D8-41FC-AD6C-DF62C4145B72}"
EndProject
Project("{2150E333-8FDC-42A3-9474-1A3956D46DE8}") = "Dal", "Dal", "{3F5A442A-B726-4171-BE11-49ADAC1BD487}"
EndProject
Project("{2150E333-8FDC-42A3-9474-1A3956D46DE8}") = "Bo", "Bo", "{219045AC-AA9F-4A10-B1C1-083AA5CF240C}"
EndProject
Project("{2150E333-8FDC-42A3-9474-1A3956D46DE8}") = "Host", "Host", "{A70048F0-AC4C-4A24-88E9-1E6BBCF1ED5F}"
EndProject
Project("{FAE04EC0-301F-11D3-BF4B-00C04F79EFBC}") = "ISIVIC.SP.Dal", "ISIVIC.SP.Dal\ISIVIC.SP.Dal.csproj", "{ED19CE67-6D42-44D0-96D7-6AE658E8352E}"
EndProject
Project("{FAE04EC0-301F-11D3-BF4B-00C04F79EFBC}") = "ISIVIC.SP.Entidades", "ISIVIC.SP.Entidades\ISIVIC.SP.Entidades.csproj", "{E95DA32A-5564-4925-9417-98345D0C7FA6}"
EndProject
Project("{FAE04EC0-301F-11D3-BF4B-00C04F79EFBC}") = "ISIVIC.SP.UI.Host", "ISIVIC.SP.UI.Host\ISIVIC.SP.UI.Host.csproj", "{3C956E64-EDB3-411A-A5AA-FD54132DF2C1}"
EndProject
Project("{FAE04EC0-301F-11D3-BF4B-00C04F79EFBC}") = "ISIVIC.SP.Bo", "ISIVIC.SP.Bo\ISIVIC.SP.Bo.csproj", "{46439D13-D23A-418E-812C-02C6B673C12F}"
EndProject
Project("{2150E333-8FDC-42A3-9474-1A3956D46DE8}") = "Fwk", "Fwk", "{A1FC525E-0B30-43EB-B5F3-AF3F08F85869}"
EndProject
Project("{FAE04EC0-301F-11D3-BF4B-00C04F79EFBC}") = "NCH.Fwk.Logs", "..\NCH.Fwk\NCH.Fwk.Logs\NCH.Fwk.Logs.csproj", "{441E6D2B-8FF4-49F4-8477-39C55497AC62}"
EndProject
Project("{FAE04EC0-301F-11D3-BF4B-00C04F79EFBC}") = "NCH.Fwk.Session", "..\NCH.Fwk\NCH.Fwk.Session\NCH.Fwk.Session.csproj", "{0446AEF1-DD6E-4D43-A4B5-0965BEF804A9}"
EndProject
Project("{FAE04EC0-301F-11D3-BF4B-00C04F79EFBC}") = "NCH.Fwk.Configuration", "..\NCH.Fwk\NCH.Fwk.Configuration\NCH.Fwk.Configuration.csproj", "{0366CBB9-4FC6-4BB8-BA94-0CB8AC68BB6F}"
EndProject
Project("{FAE04EC0-301F-11D3-BF4B-00C04F79EFBC}") = "NCH.Fwk.Cryptography", "..\NCH.Fwk\NCH.Fwk.Cryptography\NCH.Fwk.Cryptography.csproj", "{8249C676-E100-4F2A-B0EF-31F861DA1D62}"
EndProject
Project("{FAE04EC0-301F-11D3-BF4B-00C04F79EFBC}") = "NCH.Fwk.Entities", "..\NCH.Fwk\NCH.Fwk.Entities\NCH.Fwk.Entities.csproj", "{0BFD23AA-53A4-4C69-B20B-38B7699C32BB}"
EndProject
Project("{FAE04EC0-301F-11D3-BF4B-00C04F79EFBC}") = "NCH.Fwk.Enum", "..\NCH.Fwk\NCH.Fwk.Enum\NCH.Fwk.Enum.csproj", "{B1401754-FE26-4236-9398-BF1B510A4E18}"
EndProject
Project("{FAE04EC0-301F-11D3-BF4B-00C04F79EFBC}") = "NCH.Fwk.Helpers", "..\NCH.Fwk\NCH.Fwk.Helpers\NCH.Fwk.Helpers.csproj", "{0C6343AA-FF93-4437-9317-F71688E35494}"
EndProject
Project("{FAE04EC0-301F-11D3-BF4B-00C04F79EFBC}") = "NCH.Fwk.Notific", "..\NCH.Fwk\NCH.Fwk.Notific\NCH.Fwk.Notific.csproj", "{493B9397-B74C-4C66-BF8D-580E5139F04F}"
EndProject
Project("{FAE04EC0-301F-11D3-BF4B-00C04F79EFBC}") = "NCH.Fwk.Security", "..\NCH.Fwk\NCH.Fwk.Security\NCH.Fwk.Security.csproj", "{E2B054CF-C761-4A3A-9A2F-75EF0F577D79}"
EndProject
Project("{FAE04EC0-301F-11D3-BF4B-00C04F79EFBC}") = "NCH.Fwk.ResourceAccess.Services", "..\NCH.Fwk\NCH.Fwk.ResourceAccess.Services\NCH.Fwk.ResourceAccess.Services.csproj", "{1FBF1FDC-112B-4C17-8F01-6BBDF32F966B}"
EndProject
Project("{FAE04EC0-301F-11D3-BF4B-00C04F79EFBC}") = "NCH.Fwk.Bd", "..\NCH.Fwk\NCH.Fwk.Bd\NCH.Fwk.Bd.csproj", "{00719C1E-E8E2-4302-8E61-7A572006EF6A}"
EndProject
Project("{FAE04EC0-301F-11D3-BF4B-00C04F79EFBC}") = "ISIVIC.SP.Dal.Test", "ISIVIC.SP.Dal\ISIVIC.SP.Dal.Test\ISIVIC.SP.Dal.Test.csproj", "{3FC0DB74-C1B3-47FB-B57C-AAEBEC265CE2}"
EndProject
Project("{FAE04EC0-301F-11D3-BF4B-00C04F79EFBC}") = "ISIVIC.SP.Bo.Test", "ISIVIC.SP.Bo.Test\ISIVIC.SP.Bo.Test.csproj", "{9909A989-41C3-4016-B52F-8FAC548DEC4C}"
EndProject
Global
	GlobalSection(SolutionConfigurationPlatforms) = preSolution
		Debug|Any CPU = Debug|Any CPU
		Release|Any CPU = Release|Any CPU
	EndGlobalSection
	GlobalSection(ProjectConfigurationPlatforms) = postSolution
		{ED19CE67-6D42-44D0-96D7-6AE658E8352E}.Debug|Any CPU.ActiveCfg = Debug|Any CPU
		{ED19CE67-6D42-44D0-96D7-6AE658E8352E}.Debug|Any CPU.Build.0 = Debug|Any CPU
		{ED19CE67-6D42-44D0-96D7-6AE658E8352E}.Release|Any CPU.ActiveCfg = Release|Any CPU
		{ED19CE67-6D42-44D0-96D7-6AE658E8352E}.Release|Any CPU.Build.0 = Release|Any CPU
		{E95DA32A-5564-4925-9417-98345D0C7FA6}.Debug|Any CPU.ActiveCfg = Debug|Any CPU
		{E95DA32A-5564-4925-9417-98345D0C7FA6}.Debug|Any CPU.Build.0 = Debug|Any CPU
		{E95DA32A-5564-4925-9417-98345D0C7FA6}.Release|Any CPU.ActiveCfg = Release|Any CPU
		{E95DA32A-5564-4925-9417-98345D0C7FA6}.Release|Any CPU.Build.0 = Release|Any CPU
		{3C956E64-EDB3-411A-A5AA-FD54132DF2C1}.Debug|Any CPU.ActiveCfg = Debug|Any CPU
		{3C956E64-EDB3-411A-A5AA-FD54132DF2C1}.Debug|Any CPU.Build.0 = Debug|Any CPU
		{3C956E64-EDB3-411A-A5AA-FD54132DF2C1}.Release|Any CPU.ActiveCfg = Release|Any CPU
		{3C956E64-EDB3-411A-A5AA-FD54132DF2C1}.Release|Any CPU.Build.0 = Release|Any CPU
		{46439D13-D23A-418E-812C-02C6B673C12F}.Debug|Any CPU.ActiveCfg = Debug|Any CPU
		{46439D13-D23A-418E-812C-02C6B673C12F}.Debug|Any CPU.Build.0 = Debug|Any CPU
		{46439D13-D23A-418E-812C-02C6B673C12F}.Release|Any CPU.ActiveCfg = Release|Any CPU
		{46439D13-D23A-418E-812C-02C6B673C12F}.Release|Any CPU.Build.0 = Release|Any CPU
		{441E6D2B-8FF4-49F4-8477-39C55497AC62}.Debug|Any CPU.ActiveCfg = Debug|Any CPU
		{441E6D2B-8FF4-49F4-8477-39C55497AC62}.Debug|Any CPU.Build.0 = Debug|Any CPU
		{441E6D2B-8FF4-49F4-8477-39C55497AC62}.Release|Any CPU.ActiveCfg = Release|Any CPU
		{441E6D2B-8FF4-49F4-8477-39C55497AC62}.Release|Any CPU.Build.0 = Release|Any CPU
		{0446AEF1-DD6E-4D43-A4B5-0965BEF804A9}.Debug|Any CPU.ActiveCfg = Debug|Any CPU
		{0446AEF1-DD6E-4D43-A4B5-0965BEF804A9}.Debug|Any CPU.Build.0 = Debug|Any CPU
		{0446AEF1-DD6E-4D43-A4B5-0965BEF804A9}.Release|Any CPU.ActiveCfg = Release|Any CPU
		{0446AEF1-DD6E-4D43-A4B5-0965BEF804A9}.Release|Any CPU.Build.0 = Release|Any CPU
		{0366CBB9-4FC6-4BB8-BA94-0CB8AC68BB6F}.Debug|Any CPU.ActiveCfg = Debug|Any CPU
		{0366CBB9-4FC6-4BB8-BA94-0CB8AC68BB6F}.Debug|Any CPU.Build.0 = Debug|Any CPU
		{0366CBB9-4FC6-4BB8-BA94-0CB8AC68BB6F}.Release|Any CPU.ActiveCfg = Release|Any CPU
		{0366CBB9-4FC6-4BB8-BA94-0CB8AC68BB6F}.Release|Any CPU.Build.0 = Release|Any CPU
		{8249C676-E100-4F2A-B0EF-31F861DA1D62}.Debug|Any CPU.ActiveCfg = Debug|Any CPU
		{8249C676-E100-4F2A-B0EF-31F861DA1D62}.Debug|Any CPU.Build.0 = Debug|Any CPU
		{8249C676-E100-4F2A-B0EF-31F861DA1D62}.Release|Any CPU.ActiveCfg = Release|Any CPU
		{8249C676-E100-4F2A-B0EF-31F861DA1D62}.Release|Any CPU.Build.0 = Release|Any CPU
		{0BFD23AA-53A4-4C69-B20B-38B7699C32BB}.Debug|Any CPU.ActiveCfg = Debug|Any CPU
		{0BFD23AA-53A4-4C69-B20B-38B7699C32BB}.Debug|Any CPU.Build.0 = Debug|Any CPU
		{0BFD23AA-53A4-4C69-B20B-38B7699C32BB}.Release|Any CPU.ActiveCfg = Release|Any CPU
		{0BFD23AA-53A4-4C69-B20B-38B7699C32BB}.Release|Any CPU.Build.0 = Release|Any CPU
		{B1401754-FE26-4236-9398-BF1B510A4E18}.Debug|Any CPU.ActiveCfg = Debug|Any CPU
		{B1401754-FE26-4236-9398-BF1B510A4E18}.Debug|Any CPU.Build.0 = Debug|Any CPU
		{B1401754-FE26-4236-9398-BF1B510A4E18}.Release|Any CPU.ActiveCfg = Release|Any CPU
		{B1401754-FE26-4236-9398-BF1B510A4E18}.Release|Any CPU.Build.0 = Release|Any CPU
		{0C6343AA-FF93-4437-9317-F71688E35494}.Debug|Any CPU.ActiveCfg = Debug|Any CPU
		{0C6343AA-FF93-4437-9317-F71688E35494}.Debug|Any CPU.Build.0 = Debug|Any CPU
		{0C6343AA-FF93-4437-9317-F71688E35494}.Release|Any CPU.ActiveCfg = Release|Any CPU
		{0C6343AA-FF93-4437-9317-F71688E35494}.Release|Any CPU.Build.0 = Release|Any CPU
		{493B9397-B74C-4C66-BF8D-580E5139F04F}.Debug|Any CPU.ActiveCfg = Debug|Any CPU
		{493B9397-B74C-4C66-BF8D-580E5139F04F}.Debug|Any CPU.Build.0 = Debug|Any CPU
		{493B9397-B74C-4C66-BF8D-580E5139F04F}.Release|Any CPU.ActiveCfg = Release|Any CPU
		{493B9397-B74C-4C66-BF8D-580E5139F04F}.Release|Any CPU.Build.0 = Release|Any CPU
		{E2B054CF-C761-4A3A-9A2F-75EF0F577D79}.Debug|Any CPU.ActiveCfg = Debug|Any CPU
		{E2B054CF-C761-4A3A-9A2F-75EF0F577D79}.Debug|Any CPU.Build.0 = Debug|Any CPU
		{E2B054CF-C761-4A3A-9A2F-75EF0F577D79}.Release|Any CPU.ActiveCfg = Release|Any CPU
		{E2B054CF-C761-4A3A-9A2F-75EF0F577D79}.Release|Any CPU.Build.0 = Release|Any CPU
		{1FBF1FDC-112B-4C17-8F01-6BBDF32F966B}.Debug|Any CPU.ActiveCfg = Debug|Any CPU
		{1FBF1FDC-112B-4C17-8F01-6BBDF32F966B}.Debug|Any CPU.Build.0 = Debug|Any CPU
		{1FBF1FDC-112B-4C17-8F01-6BBDF32F966B}.Release|Any CPU.ActiveCfg = Release|Any CPU
		{1FBF1FDC-112B-4C17-8F01-6BBDF32F966B}.Release|Any CPU.Build.0 = Release|Any CPU
		{00719C1E-E8E2-4302-8E61-7A572006EF6A}.Debug|Any CPU.ActiveCfg = Debug|Any CPU
		{00719C1E-E8E2-4302-8E61-7A572006EF6A}.Debug|Any CPU.Build.0 = Debug|Any CPU
		{00719C1E-E8E2-4302-8E61-7A572006EF6A}.Release|Any CPU.ActiveCfg = Release|Any CPU
		{00719C1E-E8E2-4302-8E61-7A572006EF6A}.Release|Any CPU.Build.0 = Release|Any CPU
		{3FC0DB74-C1B3-47FB-B57C-AAEBEC265CE2}.Debug|Any CPU.ActiveCfg = Debug|Any CPU
		{3FC0DB74-C1B3-47FB-B57C-AAEBEC265CE2}.Debug|Any CPU.Build.0 = Debug|Any CPU
		{3FC0DB74-C1B3-47FB-B57C-AAEBEC265CE2}.Release|Any CPU.ActiveCfg = Release|Any CPU
		{3FC0DB74-C1B3-47FB-B57C-AAEBEC265CE2}.Release|Any CPU.Build.0 = Release|Any CPU
		{9909A989-41C3-4016-B52F-8FAC548DEC4C}.Debug|Any CPU.ActiveCfg = Debug|Any CPU
		{9909A989-41C3-4016-B52F-8FAC548DEC4C}.Debug|Any CPU.Build.0 = Debug|Any CPU
		{9909A989-41C3-4016-B52F-8FAC548DEC4C}.Release|Any CPU.ActiveCfg = Release|Any CPU
		{9909A989-41C3-4016-B52F-8FAC548DEC4C}.Release|Any CPU.Build.0 = Release|Any CPU
	EndGlobalSection
	GlobalSection(SolutionProperties) = preSolution
		HideSolutionNode = FALSE
	EndGlobalSection
	GlobalSection(NestedProjects) = preSolution
		{ED19CE67-6D42-44D0-96D7-6AE658E8352E} = {3F5A442A-B726-4171-BE11-49ADAC1BD487}
		{E95DA32A-5564-4925-9417-98345D0C7FA6} = {D9553275-22D8-41FC-AD6C-DF62C4145B72}
		{3C956E64-EDB3-411A-A5AA-FD54132DF2C1} = {A70048F0-AC4C-4A24-88E9-1E6BBCF1ED5F}
		{46439D13-D23A-418E-812C-02C6B673C12F} = {219045AC-AA9F-4A10-B1C1-083AA5CF240C}
		{441E6D2B-8FF4-49F4-8477-39C55497AC62} = {A1FC525E-0B30-43EB-B5F3-AF3F08F85869}
		{0446AEF1-DD6E-4D43-A4B5-0965BEF804A9} = {A1FC525E-0B30-43EB-B5F3-AF3F08F85869}
		{0366CBB9-4FC6-4BB8-BA94-0CB8AC68BB6F} = {A1FC525E-0B30-43EB-B5F3-AF3F08F85869}
		{8249C676-E100-4F2A-B0EF-31F861DA1D62} = {A1FC525E-0B30-43EB-B5F3-AF3F08F85869}
		{0BFD23AA-53A4-4C69-B20B-38B7699C32BB} = {A1FC525E-0B30-43EB-B5F3-AF3F08F85869}
		{B1401754-FE26-4236-9398-BF1B510A4E18} = {A1FC525E-0B30-43EB-B5F3-AF3F08F85869}
		{0C6343AA-FF93-4437-9317-F71688E35494} = {A1FC525E-0B30-43EB-B5F3-AF3F08F85869}
		{493B9397-B74C-4C66-BF8D-580E5139F04F} = {A1FC525E-0B30-43EB-B5F3-AF3F08F85869}
		{E2B054CF-C761-4A3A-9A2F-75EF0F577D79} = {A1FC525E-0B30-43EB-B5F3-AF3F08F85869}
		{1FBF1FDC-112B-4C17-8F01-6BBDF32F966B} = {A1FC525E-0B30-43EB-B5F3-AF3F08F85869}
		{00719C1E-E8E2-4302-8E61-7A572006EF6A} = {A1FC525E-0B30-43EB-B5F3-AF3F08F85869}
		{3FC0DB74-C1B3-47FB-B57C-AAEBEC265CE2} = {3F5A442A-B726-4171-BE11-49ADAC1BD487}
		{9909A989-41C3-4016-B52F-8FAC548DEC4C} = {219045AC-AA9F-4A10-B1C1-083AA5CF240C}
	EndGlobalSection
EndGlobal
